
Microsoft Visual Studio Solution File, Format Version 12.00
# Visual Studio Version 16
VisualStudioVersion = 16.0.29102.190
MinimumVisualStudioVersion = 10.0.40219.1
Project("{FAE04EC0-301F-11D3-BF4B-00C04F79EFBC}") = "ClashRoyaleExample", "ClashRoyaleExample\ClashRoyaleExample.csproj", "{DAA863EC-6D4E-4F89-B08B-F4DB5A0AAFAD}"
EndProject
Global
	GlobalSection(SolutionConfigurationPlatforms) = preSolution
		Debug|Any CPU = Debug|Any CPU
		Release|Any CPU = Release|Any CPU
	EndGlobalSection
	GlobalSection(ProjectConfigurationPlatforms) = postSolution
		{DAA863EC-6D4E-4F89-B08B-F4DB5A0AAFAD}.Debug|Any CPU.ActiveCfg = Debug|Any CPU
		{DAA863EC-6D4E-4F89-B08B-F4DB5A0AAFAD}.Debug|Any CPU.Build.0 = Debug|Any CPU
		{DAA863EC-6D4E-4F89-B08B-F4DB5A0AAFAD}.Release|Any CPU.ActiveCfg = Release|Any CPU
		{DAA863EC-6D4E-4F89-B08B-F4DB5A0AAFAD}.Release|Any CPU.Build.0 = Release|Any CPU
	EndGlobalSection
	GlobalSection(SolutionProperties) = preSolution
		HideSolutionNode = FALSE
	EndGlobalSection
	GlobalSection(ExtensibilityGlobals) = postSolution
		SolutionGuid = {5A4AFB11-6050-4C59-9414-F7B13D16E53D}
	EndGlobalSection
EndGlobal
